
Microsoft Visual Studio Solution File, Format Version 12.00
# Visual Studio Version 16
VisualStudioVersion = 16.0.32106.194
MinimumVisualStudioVersion = 10.0.40219.1
Project("{FAE04EC0-301F-11D3-BF4B-00C04F79EFBC}") = "Upr_6_OOP_Heroes", "Upr_6_OOP_Heroes.csproj", "{47CEE6C3-0244-4A75-AEE5-39E2F125788E}"
EndProject
Global
	GlobalSection(SolutionConfigurationPlatforms) = preSolution
		Debug|Any CPU = Debug|Any CPU
		Release|Any CPU = Release|Any CPU
	EndGlobalSection
	GlobalSection(ProjectConfigurationPlatforms) = postSolution
		{47CEE6C3-0244-4A75-AEE5-39E2F125788E}.Debug|Any CPU.ActiveCfg = Debug|Any CPU
		{47CEE6C3-0244-4A75-AEE5-39E2F125788E}.Debug|Any CPU.Build.0 = Debug|Any CPU
		{47CEE6C3-0244-4A75-AEE5-39E2F125788E}.Release|Any CPU.ActiveCfg = Release|Any CPU
		{47CEE6C3-0244-4A75-AEE5-39E2F125788E}.Release|Any CPU.Build.0 = Release|Any CPU
	EndGlobalSection
	GlobalSection(SolutionProperties) = preSolution
		HideSolutionNode = FALSE
	EndGlobalSection
	GlobalSection(ExtensibilityGlobals) = postSolution
		SolutionGuid = {89C3EB91-C869-467D-8935-B769D6640B57}
	EndGlobalSection
EndGlobal
